
Microsoft Visual Studio Solution File, Format Version 12.00
# Visual Studio Version 17
VisualStudioVersion = 17.9.34728.123
MinimumVisualStudioVersion = 10.0.40219.1
Project("{FAE04EC0-301F-11D3-BF4B-00C04F79EFBC}") = "Tenurix.Management", "Tenurix.Management.csproj", "{589909E9-7722-4074-9985-D6A682A53B20}"
EndProject
Project("{FAE04EC0-301F-11D3-BF4B-00C04F79EFBC}") = "Tenurix.Management.Models", "..\Tenurix.Management.Models\Tenurix.Management.Models.csproj", "{FBE58F54-2312-45AF-AA12-CA1A72DFAAC3}"
EndProject
Project("{FAE04EC0-301F-11D3-BF4B-00C04F79EFBC}") = "Tenurix.Management.Client", "..\Tenurix.Management.Client\Tenurix.Management.Client.csproj", "{CC57377F-3654-4689-9408-F4640D7EC137}"
EndProject
Global
	GlobalSection(SolutionConfigurationPlatforms) = preSolution
		Debug|Any CPU = Debug|Any CPU
		Release|Any CPU = Release|Any CPU
	EndGlobalSection
	GlobalSection(ProjectConfigurationPlatforms) = postSolution
		{589909E9-7722-4074-9985-D6A682A53B20}.Debug|Any CPU.ActiveCfg = Debug|Any CPU
		{589909E9-7722-4074-9985-D6A682A53B20}.Debug|Any CPU.Build.0 = Debug|Any CPU
		{589909E9-7722-4074-9985-D6A682A53B20}.Release|Any CPU.ActiveCfg = Release|Any CPU
		{589909E9-7722-4074-9985-D6A682A53B20}.Release|Any CPU.Build.0 = Release|Any CPU
		{FBE58F54-2312-45AF-AA12-CA1A72DFAAC3}.Debug|Any CPU.ActiveCfg = Debug|Any CPU
		{FBE58F54-2312-45AF-AA12-CA1A72DFAAC3}.Debug|Any CPU.Build.0 = Debug|Any CPU
		{FBE58F54-2312-45AF-AA12-CA1A72DFAAC3}.Release|Any CPU.ActiveCfg = Release|Any CPU
		{FBE58F54-2312-45AF-AA12-CA1A72DFAAC3}.Release|Any CPU.Build.0 = Release|Any CPU
		{CC57377F-3654-4689-9408-F4640D7EC137}.Debug|Any CPU.ActiveCfg = Debug|Any CPU
		{CC57377F-3654-4689-9408-F4640D7EC137}.Debug|Any CPU.Build.0 = Debug|Any CPU
		{CC57377F-3654-4689-9408-F4640D7EC137}.Release|Any CPU.ActiveCfg = Release|Any CPU
		{CC57377F-3654-4689-9408-F4640D7EC137}.Release|Any CPU.Build.0 = Release|Any CPU
	EndGlobalSection
	GlobalSection(SolutionProperties) = preSolution
		HideSolutionNode = FALSE
	EndGlobalSection
	GlobalSection(ExtensibilityGlobals) = postSolution
		SolutionGuid = {E221FF2A-6A09-4081-88B6-AE8C7A667CC8}
	EndGlobalSection
EndGlobal
